
Microsoft Visual Studio Solution File, Format Version 12.00
# Visual Studio Version 16
VisualStudioVersion = 16.0.32126.315
MinimumVisualStudioVersion = 10.0.40219.1
Project("{FAE04EC0-301F-11D3-BF4B-00C04F79EFBC}") = "AvaMina", "AvaMina\AvaMina.csproj", "{B101735E-C629-4724-8264-39BB71DA81B2}"
EndProject
Global
	GlobalSection(SolutionConfigurationPlatforms) = preSolution
		Debug|Any CPU = Debug|Any CPU
		Release|Any CPU = Release|Any CPU
	EndGlobalSection
	GlobalSection(ProjectConfigurationPlatforms) = postSolution
		{B101735E-C629-4724-8264-39BB71DA81B2}.Debug|Any CPU.ActiveCfg = Debug|Any CPU
		{B101735E-C629-4724-8264-39BB71DA81B2}.Debug|Any CPU.Build.0 = Debug|Any CPU
		{B101735E-C629-4724-8264-39BB71DA81B2}.Release|Any CPU.ActiveCfg = Release|Any CPU
		{B101735E-C629-4724-8264-39BB71DA81B2}.Release|Any CPU.Build.0 = Release|Any CPU
	EndGlobalSection
	GlobalSection(SolutionProperties) = preSolution
		HideSolutionNode = FALSE
	EndGlobalSection
	GlobalSection(ExtensibilityGlobals) = postSolution
		SolutionGuid = {22A42F7B-897D-4C65-A8A3-0945AE366CFB}
	EndGlobalSection
EndGlobal
